
Microsoft Visual Studio Solution File, Format Version 12.00
# Visual Studio Version 17
VisualStudioVersion = 17.0.32112.339
MinimumVisualStudioVersion = 10.0.40219.1
Project("{FAE04EC0-301F-11D3-BF4B-00C04F79EFBC}") = "Scholar.Web", "Scholar.Web\Scholar.Web.csproj", "{E10AB017-B01A-4800-9438-A8F9E0E6B821}"
EndProject
Global
	GlobalSection(SolutionConfigurationPlatforms) = preSolution
		Debug|Any CPU = Debug|Any CPU
		Release|Any CPU = Release|Any CPU
	EndGlobalSection
	GlobalSection(ProjectConfigurationPlatforms) = postSolution
		{E10AB017-B01A-4800-9438-A8F9E0E6B821}.Debug|Any CPU.ActiveCfg = Debug|Any CPU
		{E10AB017-B01A-4800-9438-A8F9E0E6B821}.Debug|Any CPU.Build.0 = Debug|Any CPU
		{E10AB017-B01A-4800-9438-A8F9E0E6B821}.Release|Any CPU.ActiveCfg = Release|Any CPU
		{E10AB017-B01A-4800-9438-A8F9E0E6B821}.Release|Any CPU.Build.0 = Release|Any CPU
	EndGlobalSection
	GlobalSection(SolutionProperties) = preSolution
		HideSolutionNode = FALSE
	EndGlobalSection
	GlobalSection(ExtensibilityGlobals) = postSolution
		SolutionGuid = {25518BCC-6289-4440-A658-11D6E910CF99}
	EndGlobalSection
EndGlobal
